// !$*UTF8*$!
{
	archiveVersion = 1;
	classes = {
	};
	objectVersion = 77;
	objects = {

/* Begin PBXBuildFile section */
		D9027B8F2E7B736800F14D3A /* LocalFileImageView.swift in Sources */ = {isa = PBXBuildFile; fileRef = D9027B8E2E7B736800F14D3A /* LocalFileImageView.swift */; };
		D9DB351B2E7AC5120043D55B /* note 2.icon in Resources */ = {isa = PBXBuildFile; fileRef = D9DB351A2E7AC5120043D55B /* note 2.icon */; };
		D9DB35392E7ACCE20043D55B /* ShareExtension.appex in Embed Foundation Extensions */ = {isa = PBXBuildFile; fileRef = D9DB352F2E7ACCE20043D55B /* ShareExtension.appex */; settings = {ATTRIBUTES = (RemoveHeadersOnCopy, ); }; };
/* End PBXBuildFile section */

/* Begin PBXContainerItemProxy section */
		D933A9AF2E7A055600790FD4 /* PBXContainerItemProxy */ = {
			isa = PBXContainerItemProxy;
			containerPortal = D933A9992E7A055400790FD4 /* Project object */;
			proxyType = 1;
			remoteGlobalIDString = D933A9A02E7A055400790FD4;
			remoteInfo = test;
		};
		D933A9B92E7A055600790FD4 /* PBXContainerItemProxy */ = {
			isa = PBXContainerItemProxy;
			containerPortal = D933A9992E7A055400790FD4 /* Project object */;
			proxyType = 1;
			remoteGlobalIDString = D933A9A02E7A055400790FD4;
			remoteInfo = test;
		};
		D9DB35372E7ACCE20043D55B /* PBXContainerItemProxy */ = {
			isa = PBXContainerItemProxy;
			containerPortal = D933A9992E7A055400790FD4 /* Project object */;
			proxyType = 1;
			remoteGlobalIDString = D9DB352E2E7ACCE20043D55B;
			remoteInfo = ShareExtension;
		};
/* End PBXContainerItemProxy section */

/* Begin PBXCopyFilesBuildPhase section */
		D9DB353E2E7ACCE20043D55B /* Embed Foundation Extensions */ = {
			isa = PBXCopyFilesBuildPhase;
			buildActionMask = 2147483647;
			dstPath = "";
			dstSubfolderSpec = 13;
			files = (
				D9DB35392E7ACCE20043D55B /* ShareExtension.appex in Embed Foundation Extensions */,
			);
			name = "Embed Foundation Extensions";
			runOnlyForDeploymentPostprocessing = 0;
		};
/* End PBXCopyFilesBuildPhase section */

/* Begin PBXFileReference section */
		D9027B8E2E7B736800F14D3A /* LocalFileImageView.swift */ = {isa = PBXFileReference; lastKnownFileType = sourcecode.swift; path = LocalFileImageView.swift; sourceTree = "<group>"; };
		D933A9A12E7A055400790FD4 /* Note.app */ = {isa = PBXFileReference; explicitFileType = wrapper.application; includeInIndex = 0; path = Note.app; sourceTree = BUILT_PRODUCTS_DIR; };
		D933A9AE2E7A055600790FD4 /* NoteTests.xctest */ = {isa = PBXFileReference; explicitFileType = wrapper.cfbundle; includeInIndex = 0; path = NoteTests.xctest; sourceTree = BUILT_PRODUCTS_DIR; };
		D933A9B82E7A055600790FD4 /* NoteUITests.xctest */ = {isa = PBXFileReference; explicitFileType = wrapper.cfbundle; includeInIndex = 0; path = NoteUITests.xctest; sourceTree = BUILT_PRODUCTS_DIR; };
		D9DB351A2E7AC5120043D55B /* note 2.icon */ = {isa = PBXFileReference; lastKnownFileType = folder.iconcomposer.icon; path = "note 2.icon"; sourceTree = "<group>"; };
		D9DB352A2E7ACC8E0043D55B /* Note.entitlements */ = {isa = PBXFileReference; lastKnownFileType = text.plist.entitlements; path = Note.entitlements; sourceTree = "<group>"; };
		D9DB352F2E7ACCE20043D55B /* ShareExtension.appex */ = {isa = PBXFileReference; explicitFileType = "wrapper.app-extension"; includeInIndex = 0; path = ShareExtension.appex; sourceTree = BUILT_PRODUCTS_DIR; };
/* End PBXFileReference section */

/* Begin PBXFileSystemSynchronizedBuildFileExceptionSet section */
		D9DB353A2E7ACCE20043D55B /* Exceptions for "ShareExtension" folder in "ShareExtension" target */ = {
			isa = PBXFileSystemSynchronizedBuildFileExceptionSet;
			membershipExceptions = (
				Info.plist,
			);
			target = D9DB352E2E7ACCE20043D55B /* ShareExtension */;
		};
		D9DB35402E7ACFCE0043D55B /* Exceptions for "test" folder in "Note" target */ = {
			isa = PBXFileSystemSynchronizedBuildFileExceptionSet;
			membershipExceptions = (
				Views/Info.plist,
			);
			target = D933A9A02E7A055400790FD4 /* Note */;
		};
/* End PBXFileSystemSynchronizedBuildFileExceptionSet section */

/* Begin PBXFileSystemSynchronizedRootGroup section */
		D933A9A32E7A055400790FD4 /* test */ = {
			isa = PBXFileSystemSynchronizedRootGroup;
			exceptions = (
				D9DB35402E7ACFCE0043D55B /* Exceptions for "test" folder in "Note" target */,
			);
			path = test;
			sourceTree = "<group>";
		};
		D933A9B12E7A055600790FD4 /* testTests */ = {
			isa = PBXFileSystemSynchronizedRootGroup;
			path = testTests;
			sourceTree = "<group>";
		};
		D933A9BB2E7A055600790FD4 /* testUITests */ = {
			isa = PBXFileSystemSynchronizedRootGroup;
			path = testUITests;
			sourceTree = "<group>";
		};
		D9DB35302E7ACCE20043D55B /* ShareExtension */ = {
			isa = PBXFileSystemSynchronizedRootGroup;
			exceptions = (
				D9DB353A2E7ACCE20043D55B /* Exceptions for "ShareExtension" folder in "ShareExtension" target */,
			);
			path = ShareExtension;
			sourceTree = "<group>";
		};
/* End PBXFileSystemSynchronizedRootGroup section */

/* Begin PBXFrameworksBuildPhase section */
		D933A99E2E7A055400790FD4 /* Frameworks */ = {
			isa = PBXFrameworksBuildPhase;
			buildActionMask = 2147483647;
			files = (
			);
			runOnlyForDeploymentPostprocessing = 0;
		};
		D933A9AB2E7A055600790FD4 /* Frameworks */ = {
			isa = PBXFrameworksBuildPhase;
			buildActionMask = 2147483647;
			files = (
			);
			runOnlyForDeploymentPostprocessing = 0;
		};
		D933A9B52E7A055600790FD4 /* Frameworks */ = {
			isa = PBXFrameworksBuildPhase;
			buildActionMask = 2147483647;
			files = (
			);
			runOnlyForDeploymentPostprocessing = 0;
		};
		D9DB352C2E7ACCE20043D55B /* Frameworks */ = {
			isa = PBXFrameworksBuildPhase;
			buildActionMask = 2147483647;
			files = (
			);
			runOnlyForDeploymentPostprocessing = 0;
		};
/* End PBXFrameworksBuildPhase section */

/* Begin PBXGroup section */
		D933A9982E7A055400790FD4 = {
			isa = PBXGroup;
			children = (
				D9DB352A2E7ACC8E0043D55B /* Note.entitlements */,
				D9DB351A2E7AC5120043D55B /* note 2.icon */,
				D933A9A32E7A055400790FD4 /* test */,
				D933A9B12E7A055600790FD4 /* testTests */,
				D933A9BB2E7A055600790FD4 /* testUITests */,
				D9DB35302E7ACCE20043D55B /* ShareExtension */,
				D933A9A22E7A055400790FD4 /* Products */,
				D9027B8E2E7B736800F14D3A /* LocalFileImageView.swift */,
			);
			sourceTree = "<group>";
		};
		D933A9A22E7A055400790FD4 /* Products */ = {
			isa = PBXGroup;
			children = (
				D933A9A12E7A055400790FD4 /* Note.app */,
				D933A9AE2E7A055600790FD4 /* NoteTests.xctest */,
				D933A9B82E7A055600790FD4 /* NoteUITests.xctest */,
				D9DB352F2E7ACCE20043D55B /* ShareExtension.appex */,
			);
			name = Products;
			sourceTree = "<group>";
		};
/* End PBXGroup section */

/* Begin PBXNativeTarget section */
		D933A9A02E7A055400790FD4 /* Note */ = {
			isa = PBXNativeTarget;
			buildConfigurationList = D933A9C22E7A055600790FD4 /* Build configuration list for PBXNativeTarget "Note" */;
			buildPhases = (
				D933A99D2E7A055400790FD4 /* Sources */,
				D933A99E2E7A055400790FD4 /* Frameworks */,
				D933A99F2E7A055400790FD4 /* Resources */,
				D9DB353E2E7ACCE20043D55B /* Embed Foundation Extensions */,
			);
			buildRules = (
			);
			dependencies = (
				D9DB35382E7ACCE20043D55B /* PBXTargetDependency */,
			);
			fileSystemSynchronizedGroups = (
				D933A9A32E7A055400790FD4 /* test */,
			);
			name = Note;
			packageProductDependencies = (
			);
			productName = test;
			productReference = D933A9A12E7A055400790FD4 /* Note.app */;
			productType = "com.apple.product-type.application";
		};
		D933A9AD2E7A055600790FD4 /* NoteTests */ = {
			isa = PBXNativeTarget;
			buildConfigurationList = D933A9C52E7A055600790FD4 /* Build configuration list for PBXNativeTarget "NoteTests" */;
			buildPhases = (
				D933A9AA2E7A055600790FD4 /* Sources */,
				D933A9AB2E7A055600790FD4 /* Frameworks */,
				D933A9AC2E7A055600790FD4 /* Resources */,
			);
			buildRules = (
			);
			dependencies = (
				D933A9B02E7A055600790FD4 /* PBXTargetDependency */,
			);
			fileSystemSynchronizedGroups = (
				D933A9B12E7A055600790FD4 /* testTests */,
			);
			name = NoteTests;
			packageProductDependencies = (
			);
			productName = testTests;
			productReference = D933A9AE2E7A055600790FD4 /* NoteTests.xctest */;
			productType = "com.apple.product-type.bundle.unit-test";
		};
		D933A9B72E7A055600790FD4 /* NoteUITests */ = {
			isa = PBXNativeTarget;
			buildConfigurationList = D933A9C82E7A055600790FD4 /* Build configuration list for PBXNativeTarget "NoteUITests" */;
			buildPhases = (
				D933A9B42E7A055600790FD4 /* Sources */,
				D933A9B52E7A055600790FD4 /* Frameworks */,
				D933A9B62E7A055600790FD4 /* Resources */,
			);
			buildRules = (
			);
			dependencies = (
				D933A9BA2E7A055600790FD4 /* PBXTargetDependency */,
			);
			fileSystemSynchronizedGroups = (
				D933A9BB2E7A055600790FD4 /* testUITests */,
			);
			name = NoteUITests;
			packageProductDependencies = (
			);
			productName = testUITests;
			productReference = D933A9B82E7A055600790FD4 /* NoteUITests.xctest */;
			productType = "com.apple.product-type.bundle.ui-testing";
		};
		D9DB352E2E7ACCE20043D55B /* ShareExtension */ = {
			isa = PBXNativeTarget;
			buildConfigurationList = D9DB353B2E7ACCE20043D55B /* Build configuration list for PBXNativeTarget "ShareExtension" */;
			buildPhases = (
				D9DB352B2E7ACCE20043D55B /* Sources */,
				D9DB352C2E7ACCE20043D55B /* Frameworks */,
				D9DB352D2E7ACCE20043D55B /* Resources */,
			);
			buildRules = (
			);
			dependencies = (
			);
			fileSystemSynchronizedGroups = (
				D9DB35302E7ACCE20043D55B /* ShareExtension */,
			);
			name = ShareExtension;
			packageProductDependencies = (
			);
			productName = ShareExtension;
			productReference = D9DB352F2E7ACCE20043D55B /* ShareExtension.appex */;
			productType = "com.apple.product-type.app-extension";
		};
/* End PBXNativeTarget section */

/* Begin PBXProject section */
		D933A9992E7A055400790FD4 /* Project object */ = {
			isa = PBXProject;
			attributes = {
				BuildIndependentTargetsInParallel = 1;
				LastSwiftUpdateCheck = 2600;
				LastUpgradeCheck = 2600;
				TargetAttributes = {
					D933A9A02E7A055400790FD4 = {
						CreatedOnToolsVersion = 26.0;
					};
					D933A9AD2E7A055600790FD4 = {
						CreatedOnToolsVersion = 26.0;
						TestTargetID = D933A9A02E7A055400790FD4;
					};
					D933A9B72E7A055600790FD4 = {
						CreatedOnToolsVersion = 26.0;
						TestTargetID = D933A9A02E7A055400790FD4;
					};
					D9DB352E2E7ACCE20043D55B = {
						CreatedOnToolsVersion = 26.0;
					};
				};
			};
			buildConfigurationList = D933A99C2E7A055400790FD4 /* Build configuration list for PBXProject "Note" */;
			developmentRegion = en;
			hasScannedForEncodings = 0;
			knownRegions = (
				en,
				Base,
			);
			mainGroup = D933A9982E7A055400790FD4;
			minimizedProjectReferenceProxies = 1;
			preferredProjectObjectVersion = 77;
			productRefGroup = D933A9A22E7A055400790FD4 /* Products */;
			projectDirPath = "";
			projectRoot = "";
			targets = (
				D933A9A02E7A055400790FD4 /* Note */,
				D933A9AD2E7A055600790FD4 /* NoteTests */,
				D933A9B72E7A055600790FD4 /* NoteUITests */,
				D9DB352E2E7ACCE20043D55B /* ShareExtension */,
			);
		};
/* End PBXProject section */

/* Begin PBXResourcesBuildPhase section */
		D933A99F2E7A055400790FD4 /* Resources */ = {
			isa = PBXResourcesBuildPhase;
			buildActionMask = 2147483647;
			files = (
				D9DB351B2E7AC5120043D55B /* note 2.icon in Resources */,
			);
			runOnlyForDeploymentPostprocessing = 0;
		};
		D933A9AC2E7A055600790FD4 /* Resources */ = {
			isa = PBXResourcesBuildPhase;
			buildActionMask = 2147483647;
			files = (
			);
			runOnlyForDeploymentPostprocessing = 0;
		};
		D933A9B62E7A055600790FD4 /* Resources */ = {
			isa = PBXResourcesBuildPhase;
			buildActionMask = 2147483647;
			files = (
			);
			runOnlyForDeploymentPostprocessing = 0;
		};
		D9DB352D2E7ACCE20043D55B /* Resources */ = {
			isa = PBXResourcesBuildPhase;
			buildActionMask = 2147483647;
			files = (
			);
			runOnlyForDeploymentPostprocessing = 0;
		};
/* End PBXResourcesBuildPhase section */

/* Begin PBXSourcesBuildPhase section */
		D933A99D2E7A055400790FD4 /* Sources */ = {
			isa = PBXSourcesBuildPhase;
			buildActionMask = 2147483647;
			files = (
				D9027B8F2E7B736800F14D3A /* LocalFileImageView.swift in Sources */,
			);
			runOnlyForDeploymentPostprocessing = 0;
		};
		D933A9AA2E7A055600790FD4 /* Sources */ = {
			isa = PBXSourcesBuildPhase;
			buildActionMask = 2147483647;
			files = (
			);
			runOnlyForDeploymentPostprocessing = 0;
		};
		D933A9B42E7A055600790FD4 /* Sources */ = {
			isa = PBXSourcesBuildPhase;
			buildActionMask = 2147483647;
			files = (
			);
			runOnlyForDeploymentPostprocessing = 0;
		};
		D9DB352B2E7ACCE20043D55B /* Sources */ = {
			isa = PBXSourcesBuildPhase;
			buildActionMask = 2147483647;
			files = (
			);
			runOnlyForDeploymentPostprocessing = 0;
		};
/* End PBXSourcesBuildPhase section */

/* Begin PBXTargetDependency section */
		D933A9B02E7A055600790FD4 /* PBXTargetDependency */ = {
			isa = PBXTargetDependency;
			target = D933A9A02E7A055400790FD4 /* Note */;
			targetProxy = D933A9AF2E7A055600790FD4 /* PBXContainerItemProxy */;
		};
		D933A9BA2E7A055600790FD4 /* PBXTargetDependency */ = {
			isa = PBXTargetDependency;
			target = D933A9A02E7A055400790FD4 /* Note */;
			targetProxy = D933A9B92E7A055600790FD4 /* PBXContainerItemProxy */;
		};
		D9DB35382E7ACCE20043D55B /* PBXTargetDependency */ = {
			isa = PBXTargetDependency;
			target = D9DB352E2E7ACCE20043D55B /* ShareExtension */;
			targetProxy = D9DB35372E7ACCE20043D55B /* PBXContainerItemProxy */;
		};
/* End PBXTargetDependency section */

/* Begin XCBuildConfiguration section */
		D933A9C02E7A055600790FD4 /* Debug */ = {
			isa = XCBuildConfiguration;
			buildSettings = {
				ALWAYS_SEARCH_USER_PATHS = NO;
				ASSETCATALOG_COMPILER_GENERATE_SWIFT_ASSET_SYMBOL_EXTENSIONS = YES;
				CLANG_ANALYZER_NONNULL = YES;
				CLANG_ANALYZER_NUMBER_OBJECT_CONVERSION = YES_AGGRESSIVE;
				CLANG_CXX_LANGUAGE_STANDARD = "gnu++20";
				CLANG_ENABLE_MODULES = YES;
				CLANG_ENABLE_OBJC_ARC = YES;
				CLANG_ENABLE_OBJC_WEAK = YES;
				CLANG_WARN_BLOCK_CAPTURE_AUTORELEASING = YES;
				CLANG_WARN_BOOL_CONVERSION = YES;
				CLANG_WARN_COMMA = YES;
				CLANG_WARN_CONSTANT_CONVERSION = YES;
				CLANG_WARN_DEPRECATED_OBJC_IMPLEMENTATIONS = YES;
				CLANG_WARN_DIRECT_OBJC_ISA_USAGE = YES_ERROR;
				CLANG_WARN_DOCUMENTATION_COMMENTS = YES;
				CLANG_WARN_EMPTY_BODY = YES;
				CLANG_WARN_ENUM_CONVERSION = YES;
				CLANG_WARN_INFINITE_RECURSION = YES;
				CLANG_WARN_INT_CONVERSION = YES;
				CLANG_WARN_NON_LITERAL_NULL_CONVERSION = YES;
				CLANG_WARN_OBJC_IMPLICIT_RETAIN_SELF = YES;
				CLANG_WARN_OBJC_LITERAL_CONVERSION = YES;
				CLANG_WARN_OBJC_ROOT_CLASS = YES_ERROR;
				CLANG_WARN_QUOTED_INCLUDE_IN_FRAMEWORK_HEADER = YES;
				CLANG_WARN_RANGE_LOOP_ANALYSIS = YES;
				CLANG_WARN_STRICT_PROTOTYPES = YES;
				CLANG_WARN_SUSPICIOUS_MOVE = YES;
				CLANG_WARN_UNGUARDED_AVAILABILITY = YES_AGGRESSIVE;
				CLANG_WARN_UNREACHABLE_CODE = YES;
				CLANG_WARN__DUPLICATE_METHOD_MATCH = YES;
				COPY_PHASE_STRIP = NO;
				DEBUG_INFORMATION_FORMAT = dwarf;
				DEVELOPMENT_TEAM = A792L5W262;
				ENABLE_STRICT_OBJC_MSGSEND = YES;
				ENABLE_TESTABILITY = YES;
				ENABLE_USER_SCRIPT_SANDBOXING = YES;
				GCC_C_LANGUAGE_STANDARD = gnu17;
				GCC_DYNAMIC_NO_PIC = NO;
				GCC_NO_COMMON_BLOCKS = YES;
				GCC_OPTIMIZATION_LEVEL = 0;
				GCC_PREPROCESSOR_DEFINITIONS = (
					"DEBUG=1",
					"$(inherited)",
				);
				GCC_WARN_64_TO_32_BIT_CONVERSION = YES;
				GCC_WARN_ABOUT_RETURN_TYPE = YES_ERROR;
				GCC_WARN_UNDECLARED_SELECTOR = YES;
				GCC_WARN_UNINITIALIZED_AUTOS = YES_AGGRESSIVE;
				GCC_WARN_UNUSED_FUNCTION = YES;
				GCC_WARN_UNUSED_VARIABLE = YES;
				IPHONEOS_DEPLOYMENT_TARGET = 26.0;
				LOCALIZATION_PREFERS_STRING_CATALOGS = YES;
				MTL_ENABLE_DEBUG_INFO = INCLUDE_SOURCE;
				MTL_FAST_MATH = YES;
				ONLY_ACTIVE_ARCH = YES;
				SDKROOT = iphoneos;
				SWIFT_ACTIVE_COMPILATION_CONDITIONS = "DEBUG $(inherited)";
				SWIFT_OPTIMIZATION_LEVEL = "-Onone";
			};
			name = Debug;
		};
		D933A9C12E7A055600790FD4 /* Release */ = {
			isa = XCBuildConfiguration;
			buildSettings = {
				ALWAYS_SEARCH_USER_PATHS = NO;
				ASSETCATALOG_COMPILER_GENERATE_SWIFT_ASSET_SYMBOL_EXTENSIONS = YES;
				CLANG_ANALYZER_NONNULL = YES;
				CLANG_ANALYZER_NUMBER_OBJECT_CONVERSION = YES_AGGRESSIVE;
				CLANG_CXX_LANGUAGE_STANDARD = "gnu++20";
				CLANG_ENABLE_MODULES = YES;
				CLANG_ENABLE_OBJC_ARC = YES;
				CLANG_ENABLE_OBJC_WEAK = YES;
				CLANG_WARN_BLOCK_CAPTURE_AUTORELEASING = YES;
				CLANG_WARN_BOOL_CONVERSION = YES;
				CLANG_WARN_COMMA = YES;
				CLANG_WARN_CONSTANT_CONVERSION = YES;
				CLANG_WARN_DEPRECATED_OBJC_IMPLEMENTATIONS = YES;
				CLANG_WARN_DIRECT_OBJC_ISA_USAGE = YES_ERROR;
				CLANG_WARN_DOCUMENTATION_COMMENTS = YES;
				CLANG_WARN_EMPTY_BODY = YES;
				CLANG_WARN_ENUM_CONVERSION = YES;
				CLANG_WARN_INFINITE_RECURSION = YES;
				CLANG_WARN_INT_CONVERSION = YES;
				CLANG_WARN_NON_LITERAL_NULL_CONVERSION = YES;
				CLANG_WARN_OBJC_IMPLICIT_RETAIN_SELF = YES;
				CLANG_WARN_OBJC_LITERAL_CONVERSION = YES;
				CLANG_WARN_OBJC_ROOT_CLASS = YES_ERROR;
				CLANG_WARN_QUOTED_INCLUDE_IN_FRAMEWORK_HEADER = YES;
				CLANG_WARN_RANGE_LOOP_ANALYSIS = YES;
				CLANG_WARN_STRICT_PROTOTYPES = YES;
				CLANG_WARN_SUSPICIOUS_MOVE = YES;
				CLANG_WARN_UNGUARDED_AVAILABILITY = YES_AGGRESSIVE;
				CLANG_WARN_UNREACHABLE_CODE = YES;
				CLANG_WARN__DUPLICATE_METHOD_MATCH = YES;
				COPY_PHASE_STRIP = NO;
				DEBUG_INFORMATION_FORMAT = "dwarf-with-dsym";
				DEVELOPMENT_TEAM = A792L5W262;
				ENABLE_NS_ASSERTIONS = NO;
				ENABLE_STRICT_OBJC_MSGSEND = YES;
				ENABLE_USER_SCRIPT_SANDBOXING = YES;
				GCC_C_LANGUAGE_STANDARD = gnu17;
				GCC_NO_COMMON_BLOCKS = YES;
				GCC_WARN_64_TO_32_BIT_CONVERSION = YES;
				GCC_WARN_ABOUT_RETURN_TYPE = YES_ERROR;
				GCC_WARN_UNDECLARED_SELECTOR = YES;
				GCC_WARN_UNINITIALIZED_AUTOS = YES_AGGRESSIVE;
				GCC_WARN_UNUSED_FUNCTION = YES;
				GCC_WARN_UNUSED_VARIABLE = YES;
				IPHONEOS_DEPLOYMENT_TARGET = 26.0;
				LOCALIZATION_PREFERS_STRING_CATALOGS = YES;
				MTL_ENABLE_DEBUG_INFO = NO;
				MTL_FAST_MATH = YES;
				SDKROOT = iphoneos;
				SWIFT_COMPILATION_MODE = wholemodule;
				VALIDATE_PRODUCT = YES;
			};
			name = Release;
		};
		D933A9C32E7A055600790FD4 /* Debug */ = {
			isa = XCBuildConfiguration;
			buildSettings = {
				ASSETCATALOG_COMPILER_APPICON_NAME = "note 2";
				ASSETCATALOG_COMPILER_GLOBAL_ACCENT_COLOR_NAME = AccentColor;
				ASSETCATALOG_COMPILER_INCLUDE_ALL_APPICON_ASSETS = YES;
				CODE_SIGN_ENTITLEMENTS = Note.entitlements;
				CODE_SIGN_STYLE = Automatic;
				CURRENT_PROJECT_VERSION = 1;
				DEVELOPMENT_TEAM = A792L5W262;
				ENABLE_PREVIEWS = YES;
				GENERATE_INFOPLIST_FILE = YES;
				INFOPLIST_KEY_CFBundleDisplayName = note;
				INFOPLIST_KEY_CFBundleURLTypes = "{\n    CFBundleTypeRole = Editor;\n    CFBundleURLName = \"br3dev.test.urlscheme\";\n    CFBundleURLSchemes =     (\n        notesapp\n    );\n}";
				INFOPLIST_KEY_UIApplicationSceneManifest_Generation = YES;
				INFOPLIST_KEY_UIApplicationSupportsIndirectInputEvents = YES;
				INFOPLIST_KEY_UILaunchScreen_Generation = YES;
				INFOPLIST_KEY_UIStatusBarStyle = "";
				INFOPLIST_KEY_UISupportedInterfaceOrientations_iPad = "UIInterfaceOrientationPortrait UIInterfaceOrientationPortraitUpsideDown UIInterfaceOrientationLandscapeLeft UIInterfaceOrientationLandscapeRight";
				INFOPLIST_KEY_UISupportedInterfaceOrientations_iPhone = "UIInterfaceOrientationPortrait UIInterfaceOrientationLandscapeLeft UIInterfaceOrientationLandscapeRight";
				LD_RUNPATH_SEARCH_PATHS = (
					"$(inherited)",
					"@executable_path/Frameworks",
				);
				MARKETING_VERSION = 1.0;
				PRODUCT_BUNDLE_IDENTIFIER = br3dev.test;
				PRODUCT_NAME = "$(TARGET_NAME)";
				STRING_CATALOG_GENERATE_SYMBOLS = YES;
				SWIFT_APPROACHABLE_CONCURRENCY = YES;
				SWIFT_DEFAULT_ACTOR_ISOLATION = MainActor;
				SWIFT_EMIT_LOC_STRINGS = YES;
				SWIFT_UPCOMING_FEATURE_MEMBER_IMPORT_VISIBILITY = YES;
				SWIFT_VERSION = 5.0;
				TARGETED_DEVICE_FAMILY = "1,2";
			};
			name = Debug;
		};
		D933A9C42E7A055600790FD4 /* Release */ = {
			isa = XCBuildConfiguration;
			buildSettings = {
				ASSETCATALOG_COMPILER_APPICON_NAME = "note 2";
				ASSETCATALOG_COMPILER_GLOBAL_ACCENT_COLOR_NAME = AccentColor;
				ASSETCATALOG_COMPILER_INCLUDE_ALL_APPICON_ASSETS = YES;
				CODE_SIGN_ENTITLEMENTS = Note.entitlements;
				CODE_SIGN_STYLE = Automatic;
				CURRENT_PROJECT_VERSION = 1;
				DEVELOPMENT_TEAM = A792L5W262;
				ENABLE_PREVIEWS = YES;
				GENERATE_INFOPLIST_FILE = YES;
				INFOPLIST_KEY_CFBundleDisplayName = note;
				INFOPLIST_KEY_CFBundleURLTypes = "{\n    CFBundleTypeRole = Editor;\n    CFBundleURLName = \"br3dev.test.urlscheme\";\n    CFBundleURLSchemes =     (\n        notesapp\n    );\n}";
				INFOPLIST_KEY_UIApplicationSceneManifest_Generation = YES;
				INFOPLIST_KEY_UIApplicationSupportsIndirectInputEvents = YES;
				INFOPLIST_KEY_UILaunchScreen_Generation = YES;
				INFOPLIST_KEY_UIStatusBarStyle = "";
				INFOPLIST_KEY_UISupportedInterfaceOrientations_iPad = "UIInterfaceOrientationPortrait UIInterfaceOrientationPortraitUpsideDown UIInterfaceOrientationLandscapeLeft UIInterfaceOrientationLandscapeRight";
				INFOPLIST_KEY_UISupportedInterfaceOrientations_iPhone = "UIInterfaceOrientationPortrait UIInterfaceOrientationLandscapeLeft UIInterfaceOrientationLandscapeRight";
				LD_RUNPATH_SEARCH_PATHS = (
					"$(inherited)",
					"@executable_path/Frameworks",
				);
				MARKETING_VERSION = 1.0;
				PRODUCT_BUNDLE_IDENTIFIER = br3dev.test;
				PRODUCT_NAME = "$(TARGET_NAME)";
				STRING_CATALOG_GENERATE_SYMBOLS = YES;
				SWIFT_APPROACHABLE_CONCURRENCY = YES;
				SWIFT_DEFAULT_ACTOR_ISOLATION = MainActor;
				SWIFT_EMIT_LOC_STRINGS = YES;
				SWIFT_UPCOMING_FEATURE_MEMBER_IMPORT_VISIBILITY = YES;
				SWIFT_VERSION = 5.0;
				TARGETED_DEVICE_FAMILY = "1,2";
			};
			name = Release;
		};
		D933A9C62E7A055600790FD4 /* Debug */ = {
			isa = XCBuildConfiguration;
			buildSettings = {
				BUNDLE_LOADER = "$(TEST_HOST)";
				CODE_SIGN_STYLE = Automatic;
				CURRENT_PROJECT_VERSION = 1;
				DEVELOPMENT_TEAM = A792L5W262;
				GENERATE_INFOPLIST_FILE = YES;
				IPHONEOS_DEPLOYMENT_TARGET = 26.0;
				MARKETING_VERSION = 1.0;
				PRODUCT_BUNDLE_IDENTIFIER = br3dev.testTests;
				PRODUCT_NAME = "$(TARGET_NAME)";
				STRING_CATALOG_GENERATE_SYMBOLS = NO;
				SWIFT_APPROACHABLE_CONCURRENCY = YES;
				SWIFT_EMIT_LOC_STRINGS = NO;
				SWIFT_UPCOMING_FEATURE_MEMBER_IMPORT_VISIBILITY = YES;
				SWIFT_VERSION = 5.0;
				TARGETED_DEVICE_FAMILY = "1,2";
				TEST_HOST = "$(BUILT_PRODUCTS_DIR)/Note.app/$(BUNDLE_EXECUTABLE_FOLDER_PATH)/Note";
			};
			name = Debug;
		};
		D933A9C72E7A055600790FD4 /* Release */ = {
			isa = XCBuildConfiguration;
			buildSettings = {
				BUNDLE_LOADER = "$(TEST_HOST)";
				CODE_SIGN_STYLE = Automatic;
				CURRENT_PROJECT_VERSION = 1;
				DEVELOPMENT_TEAM = A792L5W262;
				GENERATE_INFOPLIST_FILE = YES;
				IPHONEOS_DEPLOYMENT_TARGET = 26.0;
				MARKETING_VERSION = 1.0;
				PRODUCT_BUNDLE_IDENTIFIER = br3dev.testTests;
				PRODUCT_NAME = "$(TARGET_NAME)";
				STRING_CATALOG_GENERATE_SYMBOLS = NO;
				SWIFT_APPROACHABLE_CONCURRENCY = YES;
				SWIFT_EMIT_LOC_STRINGS = NO;
				SWIFT_UPCOMING_FEATURE_MEMBER_IMPORT_VISIBILITY = YES;
				SWIFT_VERSION = 5.0;
				TARGETED_DEVICE_FAMILY = "1,2";
				TEST_HOST = "$(BUILT_PRODUCTS_DIR)/Note.app/$(BUNDLE_EXECUTABLE_FOLDER_PATH)/Note";
			};
			name = Release;
		};
		D933A9C92E7A055600790FD4 /* Debug */ = {
			isa = XCBuildConfiguration;
			buildSettings = {
				CODE_SIGN_STYLE = Automatic;
				CURRENT_PROJECT_VERSION = 1;
				DEVELOPMENT_TEAM = A792L5W262;
				GENERATE_INFOPLIST_FILE = YES;
				MARKETING_VERSION = 1.0;
				PRODUCT_BUNDLE_IDENTIFIER = br3dev.testUITests;
				PRODUCT_NAME = "$(TARGET_NAME)";
				STRING_CATALOG_GENERATE_SYMBOLS = NO;
				SWIFT_APPROACHABLE_CONCURRENCY = YES;
				SWIFT_EMIT_LOC_STRINGS = NO;
				SWIFT_UPCOMING_FEATURE_MEMBER_IMPORT_VISIBILITY = YES;
				SWIFT_VERSION = 5.0;
				TARGETED_DEVICE_FAMILY = "1,2";
				TEST_TARGET_NAME = test;
			};
			name = Debug;
		};
		D933A9CA2E7A055600790FD4 /* Release */ = {
			isa = XCBuildConfiguration;
			buildSettings = {
				CODE_SIGN_STYLE = Automatic;
				CURRENT_PROJECT_VERSION = 1;
				DEVELOPMENT_TEAM = A792L5W262;
				GENERATE_INFOPLIST_FILE = YES;
				MARKETING_VERSION = 1.0;
				PRODUCT_BUNDLE_IDENTIFIER = br3dev.testUITests;
				PRODUCT_NAME = "$(TARGET_NAME)";
				STRING_CATALOG_GENERATE_SYMBOLS = NO;
				SWIFT_APPROACHABLE_CONCURRENCY = YES;
				SWIFT_EMIT_LOC_STRINGS = NO;
				SWIFT_UPCOMING_FEATURE_MEMBER_IMPORT_VISIBILITY = YES;
				SWIFT_VERSION = 5.0;
				TARGETED_DEVICE_FAMILY = "1,2";
				TEST_TARGET_NAME = test;
			};
			name = Release;
		};
		D9DB353C2E7ACCE20043D55B /* Debug */ = {
			isa = XCBuildConfiguration;
			buildSettings = {
				CODE_SIGN_ENTITLEMENTS = ShareExtension.entitlements;
				CODE_SIGN_STYLE = Automatic;
				CURRENT_PROJECT_VERSION = 1;
				DEVELOPMENT_TEAM = A792L5W262;
				GENERATE_INFOPLIST_FILE = YES;
				INFOPLIST_FILE = "ShareExtension-Info.plist";
				INFOPLIST_KEY_CFBundleDisplayName = ShareExtension;
				INFOPLIST_KEY_NSHumanReadableCopyright = "";
				LD_RUNPATH_SEARCH_PATHS = (
					"$(inherited)",
					"@executable_path/Frameworks",
					"@executable_path/../../Frameworks",
				);
				MARKETING_VERSION = 1.0;
				PRODUCT_BUNDLE_IDENTIFIER = br3dev.test.ShareExtension;
				PRODUCT_NAME = "$(TARGET_NAME)";
				SKIP_INSTALL = YES;
				STRING_CATALOG_GENERATE_SYMBOLS = YES;
				SWIFT_APPROACHABLE_CONCURRENCY = YES;
				SWIFT_EMIT_LOC_STRINGS = YES;
				SWIFT_UPCOMING_FEATURE_MEMBER_IMPORT_VISIBILITY = YES;
				SWIFT_VERSION = 5.0;
				TARGETED_DEVICE_FAMILY = "1,2";
			};
			name = Debug;
		};
		D9DB353D2E7ACCE20043D55B /* Release */ = {
			isa = XCBuildConfiguration;
			buildSettings = {
				CODE_SIGN_ENTITLEMENTS = ShareExtension.entitlements;
				CODE_SIGN_STYLE = Automatic;
				CURRENT_PROJECT_VERSION = 1;
				DEVELOPMENT_TEAM = A792L5W262;
				GENERATE_INFOPLIST_FILE = YES;
				INFOPLIST_FILE = "ShareExtension-Info.plist";
				INFOPLIST_KEY_CFBundleDisplayName = ShareExtension;
				INFOPLIST_KEY_NSHumanReadableCopyright = "";
				LD_RUNPATH_SEARCH_PATHS = (
					"$(inherited)",
					"@executable_path/Frameworks",
					"@executable_path/../../Frameworks",
				);
				MARKETING_VERSION = 1.0;
				PRODUCT_BUNDLE_IDENTIFIER = br3dev.test.ShareExtension;
				PRODUCT_NAME = "$(TARGET_NAME)";
				SKIP_INSTALL = YES;
				STRING_CATALOG_GENERATE_SYMBOLS = YES;
				SWIFT_APPROACHABLE_CONCURRENCY = YES;
				SWIFT_EMIT_LOC_STRINGS = YES;
				SWIFT_UPCOMING_FEATURE_MEMBER_IMPORT_VISIBILITY = YES;
				SWIFT_VERSION = 5.0;
				TARGETED_DEVICE_FAMILY = "1,2";
			};
			name = Release;
		};
/* End XCBuildConfiguration section */

/* Begin XCConfigurationList section */
		D933A99C2E7A055400790FD4 /* Build configuration list for PBXProject "Note" */ = {
			isa = XCConfigurationList;
			buildConfigurations = (
				D933A9C02E7A055600790FD4 /* Debug */,
				D933A9C12E7A055600790FD4 /* Release */,
			);
			defaultConfigurationIsVisible = 0;
			defaultConfigurationName = Release;
		};
		D933A9C22E7A055600790FD4 /* Build configuration list for PBXNativeTarget "Note" */ = {
			isa = XCConfigurationList;
			buildConfigurations = (
				D933A9C32E7A055600790FD4 /* Debug */,
				D933A9C42E7A055600790FD4 /* Release */,
			);
			defaultConfigurationIsVisible = 0;
			defaultConfigurationName = Release;
		};
		D933A9C52E7A055600790FD4 /* Build configuration list for PBXNativeTarget "NoteTests" */ = {
			isa = XCConfigurationList;
			buildConfigurations = (
				D933A9C62E7A055600790FD4 /* Debug */,
				D933A9C72E7A055600790FD4 /* Release */,
			);
			defaultConfigurationIsVisible = 0;
			defaultConfigurationName = Release;
		};
		D933A9C82E7A055600790FD4 /* Build configuration list for PBXNativeTarget "NoteUITests" */ = {
			isa = XCConfigurationList;
			buildConfigurations = (
				D933A9C92E7A055600790FD4 /* Debug */,
				D933A9CA2E7A055600790FD4 /* Release */,
			);
			defaultConfigurationIsVisible = 0;
			defaultConfigurationName = Release;
		};
		D9DB353B2E7ACCE20043D55B /* Build configuration list for PBXNativeTarget "ShareExtension" */ = {
			isa = XCConfigurationList;
			buildConfigurations = (
				D9DB353C2E7ACCE20043D55B /* Debug */,
				D9DB353D2E7ACCE20043D55B /* Release */,
			);
			defaultConfigurationIsVisible = 0;
			defaultConfigurationName = Release;
		};
/* End XCConfigurationList section */
	};
	rootObject = D933A9992E7A055400790FD4 /* Project object */;
}
